{
  "name": "sqlite-poc",
  "version": "1.0.0",
  "lockfileVersion": 3,
  "requires": true,
  "packages": {
    "": {
      "name": "sqlite-poc",
      "version": "1.0.0",
      "dependencies": {
        "sql.js": "^1.8.0",
        "wa-sqlite": "^1.0.0"
      },
      "devDependencies": {
        "@types/node": "^18.0.0"
      }
    },
    "node_modules/@types/node": {
      "version": "18.19.119",
      "resolved": "https://registry.npmjs.org/@types/node/-/node-18.19.119.tgz",
      "integrity": "sha512-d0F6m9itIPaKnrvEMlzE48UjwZaAnFW7Jwibacw9MNdqadjKNpUm9tfJYDwmShJmgqcoqYUX3EMKO1+RWiuuNg==",
      "dev": true,
      "license": "MIT",
      "dependencies": {
        "undici-types": "~5.26.4"
      }
    },
    "node_modules/sql.js": {
      "version": "1.13.0",
      "resolved": "https://registry.npmjs.org/sql.js/-/sql.js-1.13.0.tgz",
      "integrity": "sha512-RJbVP1HRDlUUXahJ7VMTcu9Rm1Nzw+EBpoPr94vnbD4LwR715F3CcxE2G2k45PewcaZ57pjetYa+LoSJLAASgA==",
      "license": "MIT"
    },
    "node_modules/undici-types": {
      "version": "5.26.5",
      "resolved": "https://registry.npmjs.org/undici-types/-/undici-types-5.26.5.tgz",
      "integrity": "sha512-JlCMO+ehdEIKqlFxk6IfVoAUVmgz7cU7zD/h9XZ0qzeosSHmUJVOzSQvvYSYWXkFXC+IfLKSIffhv0sVZup6pA==",
      "dev": true,
      "license": "MIT"
    },
    "node_modules/wa-sqlite": {
      "version": "1.0.0",
      "resolved": "https://registry.npmjs.org/wa-sqlite/-/wa-sqlite-1.0.0.tgz",
      "integrity": "sha512-Kyybo5/BaJp76z7gDWGk2J6Hthl4NIPsE+swgraEjy3IY6r5zIR02wAs1OJH4XtJp1y3puj3Onp5eMGS0z7nUA=="
    }
  }
}
